
Microsoft Visual Studio Solution File, Format Version 12.00
# Visual Studio Version 17
VisualStudioVersion = 17.4.33122.133
MinimumVisualStudioVersion = 10.0.40219.1
Project("{FAE04EC0-301F-11D3-BF4B-00C04F79EFBC}") = "ProjectBlood_API", "ProjectBlood_API\ProjectBlood_API.csproj", "{FAF58567-E41B-4991-923B-7105C64E4644}"
EndProject
Global
	GlobalSection(SolutionConfigurationPlatforms) = preSolution
		Debug|Any CPU = Debug|Any CPU
		Release|Any CPU = Release|Any CPU
	EndGlobalSection
	GlobalSection(ProjectConfigurationPlatforms) = postSolution
		{FAF58567-E41B-4991-923B-7105C64E4644}.Debug|Any CPU.ActiveCfg = Debug|Any CPU
		{FAF58567-E41B-4991-923B-7105C64E4644}.Debug|Any CPU.Build.0 = Debug|Any CPU
		{FAF58567-E41B-4991-923B-7105C64E4644}.Release|Any CPU.ActiveCfg = Release|Any CPU
		{FAF58567-E41B-4991-923B-7105C64E4644}.Release|Any CPU.Build.0 = Release|Any CPU
	EndGlobalSection
	GlobalSection(SolutionProperties) = preSolution
		HideSolutionNode = FALSE
	EndGlobalSection
	GlobalSection(ExtensibilityGlobals) = postSolution
		SolutionGuid = {31FF5BBD-88E5-498E-996E-9969033E0978}
	EndGlobalSection
EndGlobal
