Microsoft Visual Studio Solution File, Format Version 12.00
# Visual Studio Version 17
VisualStudioVersion = 17.0.31611.283
MinimumVisualStudioVersion = 10.0.40219.1
Project("{9A19103F-16F7-4668-BE54-9A1E7A4F7556}") = "ScarletPulseApp", "ScarletPulseApp\ScarletPulseApp.csproj", "{B6151EC9-C261-42E3-87F6-2B4F4953550C}"
EndProject
Global
	GlobalSection(SolutionConfigurationPlatforms) = preSolution
		Debug|Any CPU = Debug|Any CPU
		Release|Any CPU = Release|Any CPU
	EndGlobalSection
	GlobalSection(ProjectConfigurationPlatforms) = postSolution
		{B6151EC9-C261-42E3-87F6-2B4F4953550C}.Debug|Any CPU.ActiveCfg = Debug|Any CPU
		{B6151EC9-C261-42E3-87F6-2B4F4953550C}.Debug|Any CPU.Build.0 = Debug|Any CPU
		{B6151EC9-C261-42E3-87F6-2B4F4953550C}.Debug|Any CPU.Deploy.0 = Debug|Any CPU
		{B6151EC9-C261-42E3-87F6-2B4F4953550C}.Release|Any CPU.ActiveCfg = Release|Any CPU
		{B6151EC9-C261-42E3-87F6-2B4F4953550C}.Release|Any CPU.Build.0 = Release|Any CPU
		{B6151EC9-C261-42E3-87F6-2B4F4953550C}.Release|Any CPU.Deploy.0 = Release|Any CPU
	EndGlobalSection
	GlobalSection(SolutionProperties) = preSolution
		HideSolutionNode = FALSE
	EndGlobalSection
	GlobalSection(ExtensibilityGlobals) = postSolution
		SolutionGuid = {BCF31BD7-844C-410C-9D5F-E8BF5FD24DB4}
		        SolutionGuid = {61F7FB11-1E47-470C-91E2-47F8143E1572}
	EndGlobalSection
EndGlobal
